
Microsoft Visual Studio Solution File, Format Version 12.00
# Visual Studio Version 17
VisualStudioVersion = 17.5.33414.496
MinimumVisualStudioVersion = 10.0.40219.1
Project("{FAE04EC0-301F-11D3-BF4B-00C04F79EFBC}") = "Skizziere", "Skizziere\Skizziere.csproj", "{84806CCC-9668-4898-8B0C-36CA6DBD27DC}"
EndProject
Global
	GlobalSection(SolutionConfigurationPlatforms) = preSolution
		Debug|Any CPU = Debug|Any CPU
		Release|Any CPU = Release|Any CPU
	EndGlobalSection
	GlobalSection(ProjectConfigurationPlatforms) = postSolution
		{84806CCC-9668-4898-8B0C-36CA6DBD27DC}.Debug|Any CPU.ActiveCfg = Debug|Any CPU
		{84806CCC-9668-4898-8B0C-36CA6DBD27DC}.Debug|Any CPU.Build.0 = Debug|Any CPU
		{84806CCC-9668-4898-8B0C-36CA6DBD27DC}.Release|Any CPU.ActiveCfg = Release|Any CPU
		{84806CCC-9668-4898-8B0C-36CA6DBD27DC}.Release|Any CPU.Build.0 = Release|Any CPU
	EndGlobalSection
	GlobalSection(SolutionProperties) = preSolution
		HideSolutionNode = FALSE
	EndGlobalSection
	GlobalSection(ExtensibilityGlobals) = postSolution
		SolutionGuid = {F99609FF-523D-4E8D-BDAD-423940EBB306}
	EndGlobalSection
EndGlobal
